
Microsoft Visual Studio Solution File, Format Version 12.00
# Visual Studio Version 17
VisualStudioVersion = 17.5.33516.290
MinimumVisualStudioVersion = 10.0.40219.1
Project("{9A19103F-16F7-4668-BE54-9A1E7A4F7556}") = "1-OlaMundo", "1-OlaMundo\1-OlaMundo.csproj", "{2DEF2F82-CACD-4076-BDC3-3233829C09F3}"
EndProject
Project("{9A19103F-16F7-4668-BE54-9A1E7A4F7556}") = "2-CriandoVariaveis", "2-CriandoVariaveis\2-CriandoVariaveis.csproj", "{B27E55CF-B1C9-4672-96FF-B7E1E8ADB52D}"
EndProject
Project("{9A19103F-16F7-4668-BE54-9A1E7A4F7556}") = "3-CriandoVariaveisPontoFlutantes", "3-CriandoVariaveisPontoFlutantes\3-CriandoVariaveisPontoFlutantes.csproj", "{98418296-4C22-4320-9305-681F0B6CEE43}"
EndProject
Project("{9A19103F-16F7-4668-BE54-9A1E7A4F7556}") = "4- ConversoesEOutrosTipos", "4- ConversoesEOutrosTipos\4- ConversoesEOutrosTipos.csproj", "{AB9CB8F0-9C6F-418F-93C0-1D2C841475DA}"
EndProject
Project("{FAE04EC0-301F-11D3-BF4B-00C04F79EFBC}") = "5-CaracteresETextos", "5-CaracteresETextos\5-CaracteresETextos.csproj", "{4C8F9580-6720-48F5-B5A7-C3C750ADEFF9}"
EndProject
Project("{FAE04EC0-301F-11D3-BF4B-00C04F79EFBC}") = "6- AtribuicoesDeVariaveis", "6- AtribuicoesDeVariaveis\6- AtribuicoesDeVariaveis.csproj", "{06E86602-421D-462A-B31F-62ED89483EBE}"
EndProject
Project("{FAE04EC0-301F-11D3-BF4B-00C04F79EFBC}") = "7- Condicionais", "7- Condicionais\7- Condicionais.csproj", "{DD89E744-DF80-4C4C-8C44-E3FD4D586B6B}"
EndProject
Project("{FAE04EC0-301F-11D3-BF4B-00C04F79EFBC}") = "8- Condicionais2", "8- Condicionais2\8- Condicionais2.csproj", "{2CEE72B7-EE3A-4435-AE24-E2D7CCCDA4BE}"
EndProject
Project("{FAE04EC0-301F-11D3-BF4B-00C04F79EFBC}") = "9- Escopo", "9- Escopo\9- Escopo.csproj", "{CD9DBE91-B513-4A31-B020-0DF144BE0722}"
EndProject
Project("{FAE04EC0-301F-11D3-BF4B-00C04F79EFBC}") = "aliquota", "aliquota\aliquota.csproj", "{E0EB90AB-B939-4FAB-BA55-56A2A045AE76}"
EndProject
Project("{FAE04EC0-301F-11D3-BF4B-00C04F79EFBC}") = "Case", "Case\Case.csproj", "{0C173597-FE4D-48EA-BA38-EC86B3E86DA8}"
EndProject
Global
	GlobalSection(SolutionConfigurationPlatforms) = preSolution
		Debug|Any CPU = Debug|Any CPU
		Release|Any CPU = Release|Any CPU
	EndGlobalSection
	GlobalSection(ProjectConfigurationPlatforms) = postSolution
		{2DEF2F82-CACD-4076-BDC3-3233829C09F3}.Debug|Any CPU.ActiveCfg = Debug|Any CPU
		{2DEF2F82-CACD-4076-BDC3-3233829C09F3}.Debug|Any CPU.Build.0 = Debug|Any CPU
		{2DEF2F82-CACD-4076-BDC3-3233829C09F3}.Release|Any CPU.ActiveCfg = Release|Any CPU
		{2DEF2F82-CACD-4076-BDC3-3233829C09F3}.Release|Any CPU.Build.0 = Release|Any CPU
		{B27E55CF-B1C9-4672-96FF-B7E1E8ADB52D}.Debug|Any CPU.ActiveCfg = Debug|Any CPU
		{B27E55CF-B1C9-4672-96FF-B7E1E8ADB52D}.Debug|Any CPU.Build.0 = Debug|Any CPU
		{B27E55CF-B1C9-4672-96FF-B7E1E8ADB52D}.Release|Any CPU.ActiveCfg = Release|Any CPU
		{B27E55CF-B1C9-4672-96FF-B7E1E8ADB52D}.Release|Any CPU.Build.0 = Release|Any CPU
		{98418296-4C22-4320-9305-681F0B6CEE43}.Debug|Any CPU.ActiveCfg = Debug|Any CPU
		{98418296-4C22-4320-9305-681F0B6CEE43}.Debug|Any CPU.Build.0 = Debug|Any CPU
		{98418296-4C22-4320-9305-681F0B6CEE43}.Release|Any CPU.ActiveCfg = Release|Any CPU
		{98418296-4C22-4320-9305-681F0B6CEE43}.Release|Any CPU.Build.0 = Release|Any CPU
		{AB9CB8F0-9C6F-418F-93C0-1D2C841475DA}.Debug|Any CPU.ActiveCfg = Debug|Any CPU
		{AB9CB8F0-9C6F-418F-93C0-1D2C841475DA}.Debug|Any CPU.Build.0 = Debug|Any CPU
		{AB9CB8F0-9C6F-418F-93C0-1D2C841475DA}.Release|Any CPU.ActiveCfg = Release|Any CPU
		{AB9CB8F0-9C6F-418F-93C0-1D2C841475DA}.Release|Any CPU.Build.0 = Release|Any CPU
		{4C8F9580-6720-48F5-B5A7-C3C750ADEFF9}.Debug|Any CPU.ActiveCfg = Debug|Any CPU
		{4C8F9580-6720-48F5-B5A7-C3C750ADEFF9}.Debug|Any CPU.Build.0 = Debug|Any CPU
		{4C8F9580-6720-48F5-B5A7-C3C750ADEFF9}.Release|Any CPU.ActiveCfg = Release|Any CPU
		{4C8F9580-6720-48F5-B5A7-C3C750ADEFF9}.Release|Any CPU.Build.0 = Release|Any CPU
		{06E86602-421D-462A-B31F-62ED89483EBE}.Debug|Any CPU.ActiveCfg = Debug|Any CPU
		{06E86602-421D-462A-B31F-62ED89483EBE}.Debug|Any CPU.Build.0 = Debug|Any CPU
		{06E86602-421D-462A-B31F-62ED89483EBE}.Release|Any CPU.ActiveCfg = Release|Any CPU
		{06E86602-421D-462A-B31F-62ED89483EBE}.Release|Any CPU.Build.0 = Release|Any CPU
		{DD89E744-DF80-4C4C-8C44-E3FD4D586B6B}.Debug|Any CPU.ActiveCfg = Debug|Any CPU
		{DD89E744-DF80-4C4C-8C44-E3FD4D586B6B}.Debug|Any CPU.Build.0 = Debug|Any CPU
		{DD89E744-DF80-4C4C-8C44-E3FD4D586B6B}.Release|Any CPU.ActiveCfg = Release|Any CPU
		{DD89E744-DF80-4C4C-8C44-E3FD4D586B6B}.Release|Any CPU.Build.0 = Release|Any CPU
		{2CEE72B7-EE3A-4435-AE24-E2D7CCCDA4BE}.Debug|Any CPU.ActiveCfg = Debug|Any CPU
		{2CEE72B7-EE3A-4435-AE24-E2D7CCCDA4BE}.Debug|Any CPU.Build.0 = Debug|Any CPU
		{2CEE72B7-EE3A-4435-AE24-E2D7CCCDA4BE}.Release|Any CPU.ActiveCfg = Release|Any CPU
		{2CEE72B7-EE3A-4435-AE24-E2D7CCCDA4BE}.Release|Any CPU.Build.0 = Release|Any CPU
		{CD9DBE91-B513-4A31-B020-0DF144BE0722}.Debug|Any CPU.ActiveCfg = Debug|Any CPU
		{CD9DBE91-B513-4A31-B020-0DF144BE0722}.Debug|Any CPU.Build.0 = Debug|Any CPU
		{CD9DBE91-B513-4A31-B020-0DF144BE0722}.Release|Any CPU.ActiveCfg = Release|Any CPU
		{CD9DBE91-B513-4A31-B020-0DF144BE0722}.Release|Any CPU.Build.0 = Release|Any CPU
		{E0EB90AB-B939-4FAB-BA55-56A2A045AE76}.Debug|Any CPU.ActiveCfg = Debug|Any CPU
		{E0EB90AB-B939-4FAB-BA55-56A2A045AE76}.Debug|Any CPU.Build.0 = Debug|Any CPU
		{E0EB90AB-B939-4FAB-BA55-56A2A045AE76}.Release|Any CPU.ActiveCfg = Release|Any CPU
		{E0EB90AB-B939-4FAB-BA55-56A2A045AE76}.Release|Any CPU.Build.0 = Release|Any CPU
		{0C173597-FE4D-48EA-BA38-EC86B3E86DA8}.Debug|Any CPU.ActiveCfg = Debug|Any CPU
		{0C173597-FE4D-48EA-BA38-EC86B3E86DA8}.Debug|Any CPU.Build.0 = Debug|Any CPU
		{0C173597-FE4D-48EA-BA38-EC86B3E86DA8}.Release|Any CPU.ActiveCfg = Release|Any CPU
		{0C173597-FE4D-48EA-BA38-EC86B3E86DA8}.Release|Any CPU.Build.0 = Release|Any CPU
	EndGlobalSection
	GlobalSection(SolutionProperties) = preSolution
		HideSolutionNode = FALSE
	EndGlobalSection
	GlobalSection(ExtensibilityGlobals) = postSolution
		SolutionGuid = {42878E88-06BB-4529-AE70-1DF2C34B65ED}
	EndGlobalSection
EndGlobal
